PODS:
  - Alamofire (4.5.1)
  - AlamofireImage (3.3.0):
    - Alamofire (~> 4.5)
  - Branch (0.18.8):
    - Branch/Core (= 0.18.8)
  - Branch/Core (0.18.8)
  - Cartography (2.0.0)
  - CVCalendar (1.5.2)
  - Firebase (4.2.0):
    - Firebase/Core (= 4.2.0)
  - Firebase/Core (4.2.0):
    - FirebaseAnalytics (= 4.0.3)
    - FirebaseCore (= 4.0.7)
  - FirebaseAnalytics (4.0.3):
    - FirebaseCore (~> 4.0)
    - FirebaseInstanceID (~> 2.0)
    - GoogleToolboxForMac/NSData+zlib (~> 2.1)
    - nanopb (~> 0.3)
  - FirebaseCore (4.0.7):
    - GoogleToolboxForMac/NSData+zlib (~> 2.1)
    - nanopb (~> 0.3)
  - FirebaseInstanceID (2.0.3)
  - GoogleToolboxForMac/Defines (2.1.1)
  - GoogleToolboxForMac/NSData+zlib (2.1.1):
    - GoogleToolboxForMac/Defines (= 2.1.1)
  - LocationPicker (1.0.3)
  - Mixpanel (3.2.1)
  - nanopb (0.3.8):
    - nanopb/decode (= 0.3.8)
    - nanopb/encode (= 0.3.8)
  - nanopb/decode (0.3.8)
  - nanopb/encode (0.3.8)
  - SwiftMessages (3.3.3)
  - UIColor+FlatColors (0.0.2)

DEPENDENCIES:
  - Alamofire (~> 4.5.1)
  - AlamofireImage (~> 3.3.0)
  - Branch (~> 0.18.8)
  - Cartography (~> 2.0.0)
  - CVCalendar (~> 1.5.2)
  - Firebase (~> 4.2.0)
  - LocationPicker (~> 1.0.3)
  - Mixpanel (~> 3.2.1)
  - SwiftMessages (= 3.3.3)
  - UIColor+FlatColors (~> 0.0.2)

SPEC CHECKSUMS:
  Alamofire: 2d95912bf4c34f164fdfc335872e8c312acaea4a
  AlamofireImage: 2e784dc5d00f04903a52c1d169181469c805c3df
  Branch: c8181636136a8ac2477f42ec8b811f50aa359c8c
  Cartography: d295eb25ab54bb57eecd8c2f04e9648c850f1281
  CVCalendar: 6d429042961f2abdf90a1795e66ef5e1032c88bb
  Firebase: 9548cae14d69718add12d75a5b312893f7ef89c7
  FirebaseAnalytics: 76f754d37ca5b04f36856729b6af3ca0152d1069
  FirebaseCore: 9a6cc1e3eaf75905390f9220596ad4fd8f92faee
  FirebaseInstanceID: a4fc702b5a026f7322964376047f1a3f1f7cc6ff
  GoogleToolboxForMac: 8e329f1b599f2512c6b10676d45736bcc2cbbeb0
  LocationPicker: d54d59c9d14d52496e3e8167e67f13440d6bcf1e
  Mixpanel: a88b1db0a1e381f9d37a1756aa37a9c670d22f61
  nanopb: 5601e6bca2dbf1ed831b519092ec110f66982ca3
  SwiftMessages: 09cea3336e3fb63c3578983c8aac65acaa6d884a
  UIColor+FlatColors: 6c699df7a575281794c688c64cee6c44fd1f93b4

PODFILE CHECKSUM: 93524de3ad12ebb97a7cbb2ee11ece019260d73f

COCOAPODS: 1.2.1
